github.com/databricks/zerobus-sdk/go v1.0.0 h1:kidzvvGwIJY72gb4Ux69iVqYAMt+pR60rL7gkF0cTKA=
github.com/databricks/zerobus-sdk/go v1.0.0/go.mod h1:crqfA95NM8LMuWyUYdYG3EMrsKSZ/K6sLqfl1EUAq3E=
github.com/fluent/fluent-bit-go v0.0.0-20260305090907-bda21e692da6 h1:8EmEDiKs6DmZtTdSUv+mRfzOmce+xWiUURSL7EhBMmc=
github.com/fluent/fluent-bit-go v0.0.0-20260305090907-bda21e692da6/go.mod h1:L92h+dgwElEyUuShEwjbiHjseW410WIcNz+Bjutc8YQ=
github.com/mitchellh/mapstructure v1.5.0 h1:jeMsZIYE/09sWLaz43PL7Gy6RuMjD2eJVyuac5Z2hdY=
github.com/mitchellh/mapstructure v1.5.0/go.mod h1:bFUtVrKA4DC2yAKiSyO/QUcy7e+RRV2QTWOzhPopBRo=
github.com/ugorji/go v1.1.7/go.mod h1:kZn38zHttfInRq0xu/PH0az30d+z6vm202qpg1oXVMw=
github.com/ugorji/go/codec v1.1.7 h1:2SvQaVZ1ouYrrKKwoSk2pzd4A9evlKJb9oTL+OaLUSs=
github.com/ugorji/go/codec v1.1.7/go.mod h1:Ax+UKWsSmolVDwsd+7N3ZtXu+yMGCf907BLYF3GoBXY=
